
Microsoft Visual Studio Solution File, Format Version 12.00
# Visual Studio 15
VisualStudioVersion = 15.0.26430.12
MinimumVisualStudioVersion = 10.0.40219.1
Project("{FAE04EC0-301F-11D3-BF4B-00C04F79EFBC}") = "MichaelBrandonMorris.MvcGrid", "MichaelBrandonMorris.MvcGrid\MichaelBrandonMorris.MvcGrid.csproj", "{7EE14ADE-A4B9-4454-B16A-78B4A5B7D0BE}"
EndProject
Project("{FAE04EC0-301F-11D3-BF4B-00C04F79EFBC}") = "MichaelBrandonMorris.MvcGrid.RazorTemplates", "MichaelBrandonMorris.MvcGrid.RazorTemplates\MichaelBrandonMorris.MvcGrid.RazorTemplates.csproj", "{6952C680-783F-4EFB-A090-848B0E3438E0}"
EndProject
Global
	GlobalSection(SolutionConfigurationPlatforms) = preSolution
		Debug|Any CPU = Debug|Any CPU
		Release|Any CPU = Release|Any CPU
	EndGlobalSection
	GlobalSection(ProjectConfigurationPlatforms) = postSolution
		{7EE14ADE-A4B9-4454-B16A-78B4A5B7D0BE}.Debug|Any CPU.ActiveCfg = Debug|Any CPU
		{7EE14ADE-A4B9-4454-B16A-78B4A5B7D0BE}.Debug|Any CPU.Build.0 = Debug|Any CPU
		{7EE14ADE-A4B9-4454-B16A-78B4A5B7D0BE}.Release|Any CPU.ActiveCfg = Release|Any CPU
		{7EE14ADE-A4B9-4454-B16A-78B4A5B7D0BE}.Release|Any CPU.Build.0 = Release|Any CPU
		{6952C680-783F-4EFB-A090-848B0E3438E0}.Debug|Any CPU.ActiveCfg = Debug|Any CPU
		{6952C680-783F-4EFB-A090-848B0E3438E0}.Debug|Any CPU.Build.0 = Debug|Any CPU
		{6952C680-783F-4EFB-A090-848B0E3438E0}.Release|Any CPU.ActiveCfg = Release|Any CPU
		{6952C680-783F-4EFB-A090-848B0E3438E0}.Release|Any CPU.Build.0 = Release|Any CPU
	EndGlobalSection
	GlobalSection(SolutionProperties) = preSolution
		HideSolutionNode = FALSE
	EndGlobalSection
EndGlobal
